<?xml version="1.0" encoding="UTF-8"?>
<CodeBlocks_project_file>
	<FileVersion major="1" minor="6"/>
	<Project>
		<Option title="HR"/>
		<Option makefile_is_custom="1"/>
		<Option compiler="gcc"/>
		<Option virtualFolders="CMake Files\;"/>
		<Build>
			<Target title="all">
				<Option working_dir="/home/sunny/Documents/HR"/>
				<Option type="4"/>
				<MakeCommands>
					<Build command="/usr/bin/make -f &quot;/home/sunny/Documents/HR/Makefile&quot;  VERBOSE=1 all"/>
					<CompileFile command="/usr/bin/make -f &quot;/home/sunny/Documents/HR/Makefile&quot;  VERBOSE=1 &quot;$file&quot;"/>
					<Clean command="/usr/bin/make -f &quot;/home/sunny/Documents/HR/Makefile&quot;  VERBOSE=1 clean"/>
					<DistClean command="/usr/bin/make -f &quot;/home/sunny/Documents/HR/Makefile&quot;  VERBOSE=1 clean"/>
				</MakeCommands>
			</Target>
			<Target title="rebuild_cache">
				<Option working_dir="/home/sunny/Documents/HR"/>
				<Option type="4"/>
				<MakeCommands>
					<Build command="/usr/bin/make -f &quot;/home/sunny/Documents/HR/Makefile&quot;  VERBOSE=1 rebuild_cache"/>
					<CompileFile command="/usr/bin/make -f &quot;/home/sunny/Documents/HR/Makefile&quot;  VERBOSE=1 &quot;$file&quot;"/>
					<Clean command="/usr/bin/make -f &quot;/home/sunny/Documents/HR/Makefile&quot;  VERBOSE=1 clean"/>
					<DistClean command="/usr/bin/make -f &quot;/home/sunny/Documents/HR/Makefile&quot;  VERBOSE=1 clean"/>
				</MakeCommands>
			</Target>
			<Target title="HR">
				<Option output="/home/sunny/Documents/HR/HR" prefix_auto="0" extension_auto="0"/>
				<Option working_dir="/home/sunny/Documents/HR"/>
				<Option object_output="./"/>
				<Option type="1"/>
				<Option compiler="gcc"/>
				<Compiler>
					<Add directory="/home/sunny/Documents/HR/libxl/include_cpp"/>
				</Compiler>
				<MakeCommands>
					<Build command="/usr/bin/make -f &quot;/home/sunny/Documents/HR/Makefile&quot;  VERBOSE=1 HR"/>
					<CompileFile command="/usr/bin/make -f &quot;/home/sunny/Documents/HR/Makefile&quot;  VERBOSE=1 &quot;$file&quot;"/>
					<Clean command="/usr/bin/make -f &quot;/home/sunny/Documents/HR/Makefile&quot;  VERBOSE=1 clean"/>
					<DistClean command="/usr/bin/make -f &quot;/home/sunny/Documents/HR/Makefile&quot;  VERBOSE=1 clean"/>
				</MakeCommands>
			</Target>
			<Target title="HR/fast">
				<Option output="/home/sunny/Documents/HR/HR" prefix_auto="0" extension_auto="0"/>
				<Option working_dir="/home/sunny/Documents/HR"/>
				<Option object_output="./"/>
				<Option type="1"/>
				<Option compiler="gcc"/>
				<Compiler>
					<Add directory="/home/sunny/Documents/HR/libxl/include_cpp"/>
				</Compiler>
				<MakeCommands>
					<Build command="/usr/bin/make -f &quot;/home/sunny/Documents/HR/Makefile&quot;  VERBOSE=1 HR/fast"/>
					<CompileFile command="/usr/bin/make -f &quot;/home/sunny/Documents/HR/Makefile&quot;  VERBOSE=1 &quot;$file&quot;"/>
					<Clean command="/usr/bin/make -f &quot;/home/sunny/Documents/HR/Makefile&quot;  VERBOSE=1 clean"/>
					<DistClean command="/usr/bin/make -f &quot;/home/sunny/Documents/HR/Makefile&quot;  VERBOSE=1 clean"/>
				</MakeCommands>
			</Target>
			<Target title="edit_cache">
				<Option working_dir="/home/sunny/Documents/HR"/>
				<Option type="4"/>
				<MakeCommands>
					<Build command="/usr/bin/make -f &quot;/home/sunny/Documents/HR/Makefile&quot;  VERBOSE=1 edit_cache"/>
					<CompileFile command="/usr/bin/make -f &quot;/home/sunny/Documents/HR/Makefile&quot;  VERBOSE=1 &quot;$file&quot;"/>
					<Clean command="/usr/bin/make -f &quot;/home/sunny/Documents/HR/Makefile&quot;  VERBOSE=1 clean"/>
					<DistClean command="/usr/bin/make -f &quot;/home/sunny/Documents/HR/Makefile&quot;  VERBOSE=1 clean"/>
				</MakeCommands>
			</Target>
		</Build>
		<Unit filename="/home/sunny/Documents/HR/HR_graph.cpp">
			<Option target="HR"/>
		</Unit>
		<Unit filename="/home/sunny/Documents/HR/HR_graph.hpp">
			<Option target="HR"/>
		</Unit>
		<Unit filename="/home/sunny/Documents/HR/HR_node.cpp">
			<Option target="HR"/>
		</Unit>
		<Unit filename="/home/sunny/Documents/HR/HR_node.hpp">
			<Option target="HR"/>
		</Unit>
		<Unit filename="/home/sunny/Documents/HR/LibXLHelper.cpp">
			<Option target="HR"/>
		</Unit>
		<Unit filename="/home/sunny/Documents/HR/LibXLHelper.h">
			<Option target="HR"/>
		</Unit>
		<Unit filename="/home/sunny/Documents/HR/main.cpp">
			<Option target="HR"/>
		</Unit>
		<Unit filename="/home/sunny/Documents/HR/CMakeLists.txt">
			<Option virtualFolder="CMake Files\"/>
		</Unit>
	</Project>
</CodeBlocks_project_file>
